
Microsoft Visual Studio Solution File, Format Version 12.00
# Visual Studio Version 16
VisualStudioVersion = 16.0.30523.141
MinimumVisualStudioVersion = 10.0.40219.1
Project("{FAE04EC0-301F-11D3-BF4B-00C04F79EFBC}") = "It_LB9", "It_LB9\It_LB9.csproj", "{29D1CF75-8B87-4F65-84EC-AE698DFB773B}"
EndProject
Global
	GlobalSection(SolutionConfigurationPlatforms) = preSolution
		Debug|Any CPU = Debug|Any CPU
		Release|Any CPU = Release|Any CPU
	EndGlobalSection
	GlobalSection(ProjectConfigurationPlatforms) = postSolution
		{29D1CF75-8B87-4F65-84EC-AE698DFB773B}.Debug|Any CPU.ActiveCfg = Debug|Any CPU
		{29D1CF75-8B87-4F65-84EC-AE698DFB773B}.Debug|Any CPU.Build.0 = Debug|Any CPU
		{29D1CF75-8B87-4F65-84EC-AE698DFB773B}.Release|Any CPU.ActiveCfg = Release|Any CPU
		{29D1CF75-8B87-4F65-84EC-AE698DFB773B}.Release|Any CPU.Build.0 = Release|Any CPU
	EndGlobalSection
	GlobalSection(SolutionProperties) = preSolution
		HideSolutionNode = FALSE
	EndGlobalSection
	GlobalSection(ExtensibilityGlobals) = postSolution
		SolutionGuid = {80348BC1-531B-4D1D-AF12-A982F6E8231F}
	EndGlobalSection
EndGlobal
